// !$*UTF8*$!
{
	archiveVersion = 1;
	classes = {
	};
	objectVersion = 50;
	objects = {

/* Begin PBXBuildFile section */
		110B79F625861DF800372DA2 /* AppDelegate.swift in Sources */ = {isa = PBXBuildFile; fileRef = 110B79F525861DF800372DA2 /* AppDelegate.swift */; };
		110B79F825861DF800372DA2 /* SceneDelegate.swift in Sources */ = {isa = PBXBuildFile; fileRef = 110B79F725861DF800372DA2 /* SceneDelegate.swift */; };
		110B79FA25861DF800372DA2 /* ViewController.swift in Sources */ = {isa = PBXBuildFile; fileRef = 110B79F925861DF800372DA2 /* ViewController.swift */; };
		110B79FD25861DF800372DA2 /* Main.storyboard in Resources */ = {isa = PBXBuildFile; fileRef = 110B79FB25861DF800372DA2 /* Main.storyboard */; };
		110B79FF25861DFB00372DA2 /* Assets.xcassets in Resources */ = {isa = PBXBuildFile; fileRef = 110B79FE25861DFB00372DA2 /* Assets.xcassets */; };
		110B7A0225861DFC00372DA2 /* LaunchScreen.storyboard in Resources */ = {isa = PBXBuildFile; fileRef = 110B7A0025861DFC00372DA2 /* LaunchScreen.storyboard */; };
		DD754B31593356284AD84F6D /* Pods_ReactiveSwiftLearn.framework in Frameworks */ = {isa = PBXBuildFile; fileRef = 02FAA44AC1539DC52F2F2564 /* Pods_ReactiveSwiftLearn.framework */; };
/* End PBXBuildFile section */

/* Begin PBXFileReference section */
		02FAA44AC1539DC52F2F2564 /* Pods_ReactiveSwiftLearn.framework */ = {isa = PBXFileReference; explicitFileType = wrapper.framework; includeInIndex = 0; path = Pods_ReactiveSwiftLearn.framework; sourceTree = BUILT_PRODUCTS_DIR; };
		110B79F225861DF800372DA2 /* ReactiveSwiftLearn.app */ = {isa = PBXFileReference; explicitFileType = wrapper.application; includeInIndex = 0; path = ReactiveSwiftLearn.app; sourceTree = BUILT_PRODUCTS_DIR; };
		110B79F525861DF800372DA2 /* AppDelegate.swift */ = {isa = PBXFileReference; lastKnownFileType = sourcecode.swift; path = AppDelegate.swift; sourceTree = "<group>"; };
		110B79F725861DF800372DA2 /* SceneDelegate.swift */ = {isa = PBXFileReference; lastKnownFileType = sourcecode.swift; path = SceneDelegate.swift; sourceTree = "<group>"; };
		110B79F925861DF800372DA2 /* ViewController.swift */ = {isa = PBXFileReference; lastKnownFileType = sourcecode.swift; path = ViewController.swift; sourceTree = "<group>"; };
		110B79FC25861DF800372DA2 /* Base */ = {isa = PBXFileReference; lastKnownFileType = file.storyboard; name = Base; path = Base.lproj/Main.storyboard; sourceTree = "<group>"; };
		110B79FE25861DFB00372DA2 /* Assets.xcassets */ = {isa = PBXFileReference; lastKnownFileType = folder.assetcatalog; path = Assets.xcassets; sourceTree = "<group>"; };
		110B7A0125861DFC00372DA2 /* Base */ = {isa = PBXFileReference; lastKnownFileType = file.storyboard; name = Base; path = Base.lproj/LaunchScreen.storyboard; sourceTree = "<group>"; };
		110B7A0325861DFC00372DA2 /* Info.plist */ = {isa = PBXFileReference; lastKnownFileType = text.plist.xml; path = Info.plist; sourceTree = "<group>"; };
		C1BC5AC04C040D7660F61BBC /* Pods-ReactiveSwiftLearn.debug.xcconfig */ = {isa = PBXFileReference; includeInIndex = 1; lastKnownFileType = text.xcconfig; name = "Pods-ReactiveSwiftLearn.debug.xcconfig"; path = "Target Support Files/Pods-ReactiveSwiftLearn/Pods-ReactiveSwiftLearn.debug.xcconfig"; sourceTree = "<group>"; };
		DB8609D28011F2765407D2CB /* Pods-ReactiveSwiftLearn.release.xcconfig */ = {isa = PBXFileReference; includeInIndex = 1; lastKnownFileType = text.xcconfig; name = "Pods-ReactiveSwiftLearn.release.xcconfig"; path = "Target Support Files/Pods-ReactiveSwiftLearn/Pods-ReactiveSwiftLearn.release.xcconfig"; sourceTree = "<group>"; };
/* End PBXFileReference section */

/* Begin PBXFrameworksBuildPhase section */
		110B79EF25861DF800372DA2 /* Frameworks */ = {
			isa = PBXFrameworksBuildPhase;
			buildActionMask = 2147483647;
			files = (
				DD754B31593356284AD84F6D /* Pods_ReactiveSwiftLearn.framework in Frameworks */,
			);
			runOnlyForDeploymentPostprocessing = 0;
		};
/* End PBXFrameworksBuildPhase section */

/* Begin PBXGroup section */
		110B79E925861DF800372DA2 = {
			isa = PBXGroup;
			children = (
				110B79F425861DF800372DA2 /* ReactiveSwiftLearn */,
				110B79F325861DF800372DA2 /* Products */,
				4645F2D9F2E762D8AD4D045B /* Pods */,
				B86118CA8136962A3656EB27 /* Frameworks */,
			);
			sourceTree = "<group>";
		};
		110B79F325861DF800372DA2 /* Products */ = {
			isa = PBXGroup;
			children = (
				110B79F225861DF800372DA2 /* ReactiveSwiftLearn.app */,
			);
			name = Products;
			sourceTree = "<group>";
		};
		110B79F425861DF800372DA2 /* ReactiveSwiftLearn */ = {
			isa = PBXGroup;
			children = (
				110B79F525861DF800372DA2 /* AppDelegate.swift */,
				110B79F725861DF800372DA2 /* SceneDelegate.swift */,
				110B79F925861DF800372DA2 /* ViewController.swift */,
				110B79FB25861DF800372DA2 /* Main.storyboard */,
				110B79FE25861DFB00372DA2 /* Assets.xcassets */,
				110B7A0025861DFC00372DA2 /* LaunchScreen.storyboard */,
				110B7A0325861DFC00372DA2 /* Info.plist */,
			);
			path = ReactiveSwiftLearn;
			sourceTree = "<group>";
		};
		4645F2D9F2E762D8AD4D045B /* Pods */ = {
			isa = PBXGroup;
			children = (
				C1BC5AC04C040D7660F61BBC /* Pods-ReactiveSwiftLearn.debug.xcconfig */,
				DB8609D28011F2765407D2CB /* Pods-ReactiveSwiftLearn.release.xcconfig */,
			);
			name = Pods;
			path = Pods;
			sourceTree = "<group>";
		};
		B86118CA8136962A3656EB27 /* Frameworks */ = {
			isa = PBXGroup;
			children = (
				02FAA44AC1539DC52F2F2564 /* Pods_ReactiveSwiftLearn.framework */,
			);
			name = Frameworks;
			sourceTree = "<group>";
		};
/* End PBXGroup section */

/* Begin PBXNativeTarget section */
		110B79F125861DF800372DA2 /* ReactiveSwiftLearn */ = {
			isa = PBXNativeTarget;
			buildConfigurationList = 110B7A0625861DFC00372DA2 /* Build configuration list for PBXNativeTarget "ReactiveSwiftLearn" */;
			buildPhases = (
				33E48764BD469E9CF7A97F06 /* [CP] Check Pods Manifest.lock */,
				110B79EE25861DF800372DA2 /* Sources */,
				110B79EF25861DF800372DA2 /* Frameworks */,
				110B79F025861DF800372DA2 /* Resources */,
				F3C96A1114464A397E91D525 /* [CP] Embed Pods Frameworks */,
			);
			buildRules = (
			);
			dependencies = (
			);
			name = ReactiveSwiftLearn;
			productName = ReactiveSwiftLearn;
			productReference = 110B79F225861DF800372DA2 /* ReactiveSwiftLearn.app */;
			productType = "com.apple.product-type.application";
		};
/* End PBXNativeTarget section */

/* Begin PBXProject section */
		110B79EA25861DF800372DA2 /* Project object */ = {
			isa = PBXProject;
			attributes = {
				LastSwiftUpdateCheck = 1220;
				LastUpgradeCheck = 1220;
				TargetAttributes = {
					110B79F125861DF800372DA2 = {
						CreatedOnToolsVersion = 12.2;
					};
				};
			};
			buildConfigurationList = 110B79ED25861DF800372DA2 /* Build configuration list for PBXProject "ReactiveSwiftLearn" */;
			compatibilityVersion = "Xcode 9.3";
			developmentRegion = en;
			hasScannedForEncodings = 0;
			knownRegions = (
				en,
				Base,
			);
			mainGroup = 110B79E925861DF800372DA2;
			productRefGroup = 110B79F325861DF800372DA2 /* Products */;
			projectDirPath = "";
			projectRoot = "";
			targets = (
				110B79F125861DF800372DA2 /* ReactiveSwiftLearn */,
			);
		};
/* End PBXProject section */

/* Begin PBXResourcesBuildPhase section */
		110B79F025861DF800372DA2 /* Resources */ = {
			isa = PBXResourcesBuildPhase;
			buildActionMask = 2147483647;
			files = (
				110B7A0225861DFC00372DA2 /* LaunchScreen.storyboard in Resources */,
				110B79FF25861DFB00372DA2 /* Assets.xcassets in Resources */,
				110B79FD25861DF800372DA2 /* Main.storyboard in Resources */,
			);
			runOnlyForDeploymentPostprocessing = 0;
		};
/* End PBXResourcesBuildPhase section */

/* Begin PBXShellScriptBuildPhase section */
		33E48764BD469E9CF7A97F06 /* [CP] Check Pods Manifest.lock */ = {
			isa = PBXShellScriptBuildPhase;
			buildActionMask = 2147483647;
			files = (
			);
			inputFileListPaths = (
			);
			inputPaths = (
				"${PODS_PODFILE_DIR_PATH}/Podfile.lock",
				"${PODS_ROOT}/Manifest.lock",
			);
			name = "[CP] Check Pods Manifest.lock";
			outputFileListPaths = (
			);
			outputPaths = (
				"$(DERIVED_FILE_DIR)/Pods-ReactiveSwiftLearn-checkManifestLockResult.txt",
			);
			runOnlyForDeploymentPostprocessing = 0;
			shellPath = /bin/sh;
			shellScript = "diff \"${PODS_PODFILE_DIR_PATH}/Podfile.lock\" \"${PODS_ROOT}/Manifest.lock\" > /dev/null\nif [ $? != 0 ] ; then\n    # print error to STDERR\n    echo \"error: The sandbox is not in sync with the Podfile.lock. Run 'pod install' or update your CocoaPods installation.\" >&2\n    exit 1\nfi\n# This output is used by Xcode 'outputs' to avoid re-running this script phase.\necho \"SUCCESS\" > \"${SCRIPT_OUTPUT_FILE_0}\"\n";
			showEnvVarsInLog = 0;
		};
		F3C96A1114464A397E91D525 /* [CP] Embed Pods Frameworks */ = {
			isa = PBXShellScriptBuildPhase;
			buildActionMask = 2147483647;
			files = (
			);
			inputFileListPaths = (
				"${PODS_ROOT}/Target Support Files/Pods-ReactiveSwiftLearn/Pods-ReactiveSwiftLearn-frameworks-${CONFIGURATION}-input-files.xcfilelist",
			);
			name = "[CP] Embed Pods Frameworks";
			outputFileListPaths = (
				"${PODS_ROOT}/Target Support Files/Pods-ReactiveSwiftLearn/Pods-ReactiveSwiftLearn-frameworks-${CONFIGURATION}-output-files.xcfilelist",
			);
			runOnlyForDeploymentPostprocessing = 0;
			shellPath = /bin/sh;
			shellScript = "\"${PODS_ROOT}/Target Support Files/Pods-ReactiveSwiftLearn/Pods-ReactiveSwiftLearn-frameworks.sh\"\n";
			showEnvVarsInLog = 0;
		};
/* End PBXShellScriptBuildPhase section */

/* Begin PBXSourcesBuildPhase section */
		110B79EE25861DF800372DA2 /* Sources */ = {
			isa = PBXSourcesBuildPhase;
			buildActionMask = 2147483647;
			files = (
				110B79FA25861DF800372DA2 /* ViewController.swift in Sources */,
				110B79F625861DF800372DA2 /* AppDelegate.swift in Sources */,
				110B79F825861DF800372DA2 /* SceneDelegate.swift in Sources */,
			);
			runOnlyForDeploymentPostprocessing = 0;
		};
/* End PBXSourcesBuildPhase section */

/* Begin PBXVariantGroup section */
		110B79FB25861DF800372DA2 /* Main.storyboard */ = {
			isa = PBXVariantGroup;
			children = (
				110B79FC25861DF800372DA2 /* Base */,
			);
			name = Main.storyboard;
			sourceTree = "<group>";
		};
		110B7A0025861DFC00372DA2 /* LaunchScreen.storyboard */ = {
			isa = PBXVariantGroup;
			children = (
				110B7A0125861DFC00372DA2 /* Base */,
			);
			name = LaunchScreen.storyboard;
			sourceTree = "<group>";
		};
/* End PBXVariantGroup section */

/* Begin XCBuildConfiguration section */
		110B7A0425861DFC00372DA2 /* Debug */ = {
			isa = XCBuildConfiguration;
			buildSettings = {
				ALWAYS_SEARCH_USER_PATHS = NO;
				CLANG_ANALYZER_NONNULL = YES;
				CLANG_ANALYZER_NUMBER_OBJECT_CONVERSION = YES_AGGRESSIVE;
				CLANG_CXX_LANGUAGE_STANDARD = "gnu++14";
				CLANG_CXX_LIBRARY = "libc++";
				CLANG_ENABLE_MODULES = YES;
				CLANG_ENABLE_OBJC_ARC = YES;
				CLANG_ENABLE_OBJC_WEAK = YES;
				CLANG_WARN_BLOCK_CAPTURE_AUTORELEASING = YES;
				CLANG_WARN_BOOL_CONVERSION = YES;
				CLANG_WARN_COMMA = YES;
				CLANG_WARN_CONSTANT_CONVERSION = YES;
				CLANG_WARN_DEPRECATED_OBJC_IMPLEMENTATIONS = YES;
				CLANG_WARN_DIRECT_OBJC_ISA_USAGE = YES_ERROR;
				CLANG_WARN_DOCUMENTATION_COMMENTS = YES;
				CLANG_WARN_EMPTY_BODY = YES;
				CLANG_WARN_ENUM_CONVERSION = YES;
				CLANG_WARN_INFINITE_RECURSION = YES;
				CLANG_WARN_INT_CONVERSION = YES;
				CLANG_WARN_NON_LITERAL_NULL_CONVERSION = YES;
				CLANG_WARN_OBJC_IMPLICIT_RETAIN_SELF = YES;
				CLANG_WARN_OBJC_LITERAL_CONVERSION = YES;
				CLANG_WARN_OBJC_ROOT_CLASS = YES_ERROR;
				CLANG_WARN_QUOTED_INCLUDE_IN_FRAMEWORK_HEADER = YES;
				CLANG_WARN_RANGE_LOOP_ANALYSIS = YES;
				CLANG_WARN_STRICT_PROTOTYPES = YES;
				CLANG_WARN_SUSPICIOUS_MOVE = YES;
				CLANG_WARN_UNGUARDED_AVAILABILITY = YES_AGGRESSIVE;
				CLANG_WARN_UNREACHABLE_CODE = YES;
				CLANG_WARN__DUPLICATE_METHOD_MATCH = YES;
				COPY_PHASE_STRIP = NO;
				DEBUG_INFORMATION_FORMAT = dwarf;
				ENABLE_STRICT_OBJC_MSGSEND = YES;
				ENABLE_TESTABILITY = YES;
				GCC_C_LANGUAGE_STANDARD = gnu11;
				GCC_DYNAMIC_NO_PIC = NO;
				GCC_NO_COMMON_BLOCKS = YES;
				GCC_OPTIMIZATION_LEVEL = 0;
				GCC_PREPROCESSOR_DEFINITIONS = (
					"DEBUG=1",
					"$(inherited)",
				);
				GCC_WARN_64_TO_32_BIT_CONVERSION = YES;
				GCC_WARN_ABOUT_RETURN_TYPE = YES_ERROR;
				GCC_WARN_UNDECLARED_SELECTOR = YES;
				GCC_WARN_UNINITIALIZED_AUTOS = YES_AGGRESSIVE;
				GCC_WARN_UNUSED_FUNCTION = YES;
				GCC_WARN_UNUSED_VARIABLE = YES;
				IPHONEOS_DEPLOYMENT_TARGET = 14.2;
				MTL_ENABLE_DEBUG_INFO = INCLUDE_SOURCE;
				MTL_FAST_MATH = YES;
				ONLY_ACTIVE_ARCH = YES;
				SDKROOT = iphoneos;
				SWIFT_ACTIVE_COMPILATION_CONDITIONS = DEBUG;
				SWIFT_OPTIMIZATION_LEVEL = "-Onone";
			};
			name = Debug;
		};
		110B7A0525861DFC00372DA2 /* Release */ = {
			isa = XCBuildConfiguration;
			buildSettings = {
				ALWAYS_SEARCH_USER_PATHS = NO;
				CLANG_ANALYZER_NONNULL = YES;
				CLANG_ANALYZER_NUMBER_OBJECT_CONVERSION = YES_AGGRESSIVE;
				CLANG_CXX_LANGUAGE_STANDARD = "gnu++14";
				CLANG_CXX_LIBRARY = "libc++";
				CLANG_ENABLE_MODULES = YES;
				CLANG_ENABLE_OBJC_ARC = YES;
				CLANG_ENABLE_OBJC_WEAK = YES;
				CLANG_WARN_BLOCK_CAPTURE_AUTORELEASING = YES;
				CLANG_WARN_BOOL_CONVERSION = YES;
				CLANG_WARN_COMMA = YES;
				CLANG_WARN_CONSTANT_CONVERSION = YES;
				CLANG_WARN_DEPRECATED_OBJC_IMPLEMENTATIONS = YES;
				CLANG_WARN_DIRECT_OBJC_ISA_USAGE = YES_ERROR;
				CLANG_WARN_DOCUMENTATION_COMMENTS = YES;
				CLANG_WARN_EMPTY_BODY = YES;
				CLANG_WARN_ENUM_CONVERSION = YES;
				CLANG_WARN_INFINITE_RECURSION = YES;
				CLANG_WARN_INT_CONVERSION = YES;
				CLANG_WARN_NON_LITERAL_NULL_CONVERSION = YES;
				CLANG_WARN_OBJC_IMPLICIT_RETAIN_SELF = YES;
				CLANG_WARN_OBJC_LITERAL_CONVERSION = YES;
				CLANG_WARN_OBJC_ROOT_CLASS = YES_ERROR;
				CLANG_WARN_QUOTED_INCLUDE_IN_FRAMEWORK_HEADER = YES;
				CLANG_WARN_RANGE_LOOP_ANALYSIS = YES;
				CLANG_WARN_STRICT_PROTOTYPES = YES;
				CLANG_WARN_SUSPICIOUS_MOVE = YES;
				CLANG_WARN_UNGUARDED_AVAILABILITY = YES_AGGRESSIVE;
				CLANG_WARN_UNREACHABLE_CODE = YES;
				CLANG_WARN__DUPLICATE_METHOD_MATCH = YES;
				COPY_PHASE_STRIP = NO;
				DEBUG_INFORMATION_FORMAT = "dwarf-with-dsym";
				ENABLE_NS_ASSERTIONS = NO;
				ENABLE_STRICT_OBJC_MSGSEND = YES;
				GCC_C_LANGUAGE_STANDARD = gnu11;
				GCC_NO_COMMON_BLOCKS = YES;
				GCC_WARN_64_TO_32_BIT_CONVERSION = YES;
				GCC_WARN_ABOUT_RETURN_TYPE = YES_ERROR;
				GCC_WARN_UNDECLARED_SELECTOR = YES;
				GCC_WARN_UNINITIALIZED_AUTOS = YES_AGGRESSIVE;
				GCC_WARN_UNUSED_FUNCTION = YES;
				GCC_WARN_UNUSED_VARIABLE = YES;
				IPHONEOS_DEPLOYMENT_TARGET = 14.2;
				MTL_ENABLE_DEBUG_INFO = NO;
				MTL_FAST_MATH = YES;
				SDKROOT = iphoneos;
				SWIFT_COMPILATION_MODE = wholemodule;
				SWIFT_OPTIMIZATION_LEVEL = "-O";
				VALIDATE_PRODUCT = YES;
			};
			name = Release;
		};
		110B7A0725861DFC00372DA2 /* Debug */ = {
			isa = XCBuildConfiguration;
			baseConfigurationReference = C1BC5AC04C040D7660F61BBC /* Pods-ReactiveSwiftLearn.debug.xcconfig */;
			buildSettings = {
				ASSETCATALOG_COMPILER_APPICON_NAME = AppIcon;
				ASSETCATALOG_COMPILER_GLOBAL_ACCENT_COLOR_NAME = AccentColor;
				CODE_SIGN_STYLE = Automatic;
				INFOPLIST_FILE = ReactiveSwiftLearn/Info.plist;
				LD_RUNPATH_SEARCH_PATHS = (
					"$(inherited)",
					"@executable_path/Frameworks",
				);
				PRODUCT_BUNDLE_IDENTIFIER = xx.ReactiveSwiftLearn;
				PRODUCT_NAME = "$(TARGET_NAME)";
				SWIFT_VERSION = 5.0;
				TARGETED_DEVICE_FAMILY = "1,2";
			};
			name = Debug;
		};
		110B7A0825861DFC00372DA2 /* Release */ = {
			isa = XCBuildConfiguration;
			baseConfigurationReference = DB8609D28011F2765407D2CB /* Pods-ReactiveSwiftLearn.release.xcconfig */;
			buildSettings = {
				ASSETCATALOG_COMPILER_APPICON_NAME = AppIcon;
				ASSETCATALOG_COMPILER_GLOBAL_ACCENT_COLOR_NAME = AccentColor;
				CODE_SIGN_STYLE = Automatic;
				INFOPLIST_FILE = ReactiveSwiftLearn/Info.plist;
				LD_RUNPATH_SEARCH_PATHS = (
					"$(inherited)",
					"@executable_path/Frameworks",
				);
				PRODUCT_BUNDLE_IDENTIFIER = xx.ReactiveSwiftLearn;
				PRODUCT_NAME = "$(TARGET_NAME)";
				SWIFT_VERSION = 5.0;
				TARGETED_DEVICE_FAMILY = "1,2";
			};
			name = Release;
		};
/* End XCBuildConfiguration section */

/* Begin XCConfigurationList section */
		110B79ED25861DF800372DA2 /* Build configuration list for PBXProject "ReactiveSwiftLearn" */ = {
			isa = XCConfigurationList;
			buildConfigurations = (
				110B7A0425861DFC00372DA2 /* Debug */,
				110B7A0525861DFC00372DA2 /* Release */,
			);
			defaultConfigurationIsVisible = 0;
			defaultConfigurationName = Release;
		};
		110B7A0625861DFC00372DA2 /* Build configuration list for PBXNativeTarget "ReactiveSwiftLearn" */ = {
			isa = XCConfigurationList;
			buildConfigurations = (
				110B7A0725861DFC00372DA2 /* Debug */,
				110B7A0825861DFC00372DA2 /* Release */,
			);
			defaultConfigurationIsVisible = 0;
			defaultConfigurationName = Release;
		};
/* End XCConfigurationList section */
	};
	rootObject = 110B79EA25861DF800372DA2 /* Project object */;
}
